// !$*UTF8*$!
{
	archiveVersion = 1;
	classes = {
	};
	objectVersion = 45;
	objects = {

/* Begin PBXBuildFile section */
		1D3623260D0F684500981E51 /* openwolAppDelegate.m in Sources */ = {isa = PBXBuildFile; fileRef = 1D3623250D0F684500981E51 /* openwolAppDelegate.m */; };
		1D60589B0D05DD56006BFB54 /* main.m in Sources */ = {isa = PBXBuildFile; fileRef = 29B97316FDCFA39411CA2CEA /* main.m */; };
		1D60589F0D05DD5A006BFB54 /* Foundation.framework in Frameworks */ = {isa = PBXBuildFile; fileRef = 1D30AB110D05D00D00671497 /* Foundation.framework */; };
		1DF5F4E00D08C38300B7A737 /* UIKit.framework in Frameworks */ = {isa = PBXBuildFile; fileRef = 1DF5F4DF0D08C38300B7A737 /* UIKit.framework */; };
		288765A50DF7441C002DB57D /* CoreGraphics.framework in Frameworks */ = {isa = PBXBuildFile; fileRef = 288765A40DF7441C002DB57D /* CoreGraphics.framework */; };
		2899E5220DE3E06400AC0155 /* ComputerDetailView.xib in Resources */ = {isa = PBXBuildFile; fileRef = 2899E5210DE3E06400AC0155 /* ComputerDetailView.xib */; };
		28AD733F0D9D9553002E5188 /* MainWindow.xib in Resources */ = {isa = PBXBuildFile; fileRef = 28AD733E0D9D9553002E5188 /* MainWindow.xib */; };
		28D7ACF80DDB3853001CB0EB /* ComputerDetailViewController.m in Sources */ = {isa = PBXBuildFile; fileRef = 28D7ACF70DDB3853001CB0EB /* ComputerDetailViewController.m */; };
		9646712010EB5C13005AE65B /* CoreData.framework in Frameworks */ = {isa = PBXBuildFile; fileRef = 96F352F110E9ED6000F6B43C /* CoreData.framework */; };
		966CE79210E7DF4200996174 /* WOLClient.m in Sources */ = {isa = PBXBuildFile; fileRef = 966CE79110E7DF4200996174 /* WOLClient.m */; };
		966CE79F10E7F31900996174 /* RegexKitLite.m in Sources */ = {isa = PBXBuildFile; fileRef = 966CE79E10E7F31900996174 /* RegexKitLite.m */; };
		966CE7C510E7F6CB00996174 /* libicucore.dylib in Frameworks */ = {isa = PBXBuildFile; fileRef = 966CE7C410E7F6CB00996174 /* libicucore.dylib */; };
		966CE84D10E88B8400996174 /* RegexKitLite.m in Sources */ = {isa = PBXBuildFile; fileRef = 966CE79E10E7F31900996174 /* RegexKitLite.m */; };
		966CE84E10E88B8B00996174 /* openwolAppDelegate.m in Sources */ = {isa = PBXBuildFile; fileRef = 1D3623250D0F684500981E51 /* openwolAppDelegate.m */; };
		966CE84F10E88B9400996174 /* WOLClient.m in Sources */ = {isa = PBXBuildFile; fileRef = 966CE79110E7DF4200996174 /* WOLClient.m */; };
		966CE85310E88C4400996174 /* WOLClientTest.m in Sources */ = {isa = PBXBuildFile; fileRef = 966CE85110E88C4400996174 /* WOLClientTest.m */; };
		966CE86A10E890E700996174 /* SenTestingKit.framework in Frameworks */ = {isa = PBXBuildFile; fileRef = 966CE85410E890DB00996174 /* SenTestingKit.framework */; };
		966CE87A10E8918600996174 /* libicucore.dylib in Frameworks */ = {isa = PBXBuildFile; fileRef = 966CE7C410E7F6CB00996174 /* libicucore.dylib */; };
		968B38CB10E904E000863E23 /* CFNetwork.framework in Frameworks */ = {isa = PBXBuildFile; fileRef = 968B38CA10E904E000863E23 /* CFNetwork.framework */; };
		968B391110E9097400863E23 /* CFNetwork.framework in Frameworks */ = {isa = PBXBuildFile; fileRef = 968B38CA10E904E000863E23 /* CFNetwork.framework */; };
		968B393310E90F0700863E23 /* ComputerValidator.m in Sources */ = {isa = PBXBuildFile; fileRef = 968B393210E90F0700863E23 /* ComputerValidator.m */; };
		968B393410E90F0700863E23 /* ComputerValidator.m in Sources */ = {isa = PBXBuildFile; fileRef = 968B393210E90F0700863E23 /* ComputerValidator.m */; };
		96A57B3A10EBA21900CCF75E /* Computer.m in Sources */ = {isa = PBXBuildFile; fileRef = 96F3547910EA522C00F6B43C /* Computer.m */; };
		96F352EB10E9ED0400F6B43C /* openwol.xcdatamodel in Sources */ = {isa = PBXBuildFile; fileRef = 96F352EA10E9ED0400F6B43C /* openwol.xcdatamodel */; };
		96F352EC10E9ED0400F6B43C /* openwol.xcdatamodel in Sources */ = {isa = PBXBuildFile; fileRef = 96F352EA10E9ED0400F6B43C /* openwol.xcdatamodel */; };
		96F352F210E9ED6000F6B43C /* CoreData.framework in Frameworks */ = {isa = PBXBuildFile; fileRef = 96F352F110E9ED6000F6B43C /* CoreData.framework */; };
		96F3532B10E9F71600F6B43C /* MainViewController.m in Sources */ = {isa = PBXBuildFile; fileRef = 96F3532A10E9F71600F6B43C /* MainViewController.m */; };
		96F3547A10EA522C00F6B43C /* Computer.m in Sources */ = {isa = PBXBuildFile; fileRef = 96F3547910EA522C00F6B43C /* Computer.m */; };
		96F355C410EA861000F6B43C /* ComputerCell.m in Sources */ = {isa = PBXBuildFile; fileRef = 96F355C310EA861000F6B43C /* ComputerCell.m */; };
/* End PBXBuildFile section */

/* Begin PBXFileReference section */
		1D30AB110D05D00D00671497 /* Foundation.framework */ = {isa = PBXFileReference; lastKnownFileType = wrapper.framework; name = Foundation.framework; path = System/Library/Frameworks/Foundation.framework; sourceTree = SDKROOT; };
		1D3623240D0F684500981E51 /* openwolAppDelegate.h */ = {isa = PBXFileReference; fileEncoding = 4; lastKnownFileType = sourcecode.c.h; path = openwolAppDelegate.h; sourceTree = "<group>"; };
		1D3623250D0F684500981E51 /* openwolAppDelegate.m */ = {isa = PBXFileReference; fileEncoding = 4; lastKnownFileType = sourcecode.c.objc; path = openwolAppDelegate.m; sourceTree = "<group>"; };
		1D6058910D05DD3D006BFB54 /* openwol.app */ = {isa = PBXFileReference; explicitFileType = wrapper.application; includeInIndex = 0; path = openwol.app; sourceTree = BUILT_PRODUCTS_DIR; };
		1DF5F4DF0D08C38300B7A737 /* UIKit.framework */ = {isa = PBXFileReference; lastKnownFileType = wrapper.framework; name = UIKit.framework; path = System/Library/Frameworks/UIKit.framework; sourceTree = SDKROOT; };
		288765A40DF7441C002DB57D /* CoreGraphics.framework */ = {isa = PBXFileReference; lastKnownFileType = wrapper.framework; name = CoreGraphics.framework; path = System/Library/Frameworks/CoreGraphics.framework; sourceTree = SDKROOT; };
		2899E5210DE3E06400AC0155 /* ComputerDetailView.xib */ = {isa = PBXFileReference; lastKnownFileType = file.xib; path = ComputerDetailView.xib; sourceTree = "<group>"; };
		28AD733E0D9D9553002E5188 /* MainWindow.xib */ = {isa = PBXFileReference; lastKnownFileType = file.xib; path = MainWindow.xib; sourceTree = "<group>"; };
		28D7ACF60DDB3853001CB0EB /* ComputerDetailViewController.h */ = {isa = PBXFileReference; fileEncoding = 4; lastKnownFileType = sourcecode.c.h; path = ComputerDetailViewController.h; sourceTree = "<group>"; };
		28D7ACF70DDB3853001CB0EB /* ComputerDetailViewController.m */ = {isa = PBXFileReference; fileEncoding = 4; lastKnownFileType = sourcecode.c.objc; path = ComputerDetailViewController.m; sourceTree = "<group>"; };
		29B97316FDCFA39411CA2CEA /* main.m */ = {isa = PBXFileReference; fileEncoding = 4; lastKnownFileType = sourcecode.c.objc; path = main.m; sourceTree = "<group>"; };
		32CA4F630368D1EE00C91783 /* openwol_Prefix.pch */ = {isa = PBXFileReference; fileEncoding = 4; lastKnownFileType = sourcecode.c.h; path = openwol_Prefix.pch; sourceTree = "<group>"; };
		8D1107310486CEB800E47090 /* openwol-Info.plist */ = {isa = PBXFileReference; fileEncoding = 4; lastKnownFileType = text.plist.xml; path = "openwol-Info.plist"; plistStructureDefinitionIdentifier = "com.apple.xcode.plist.structure-definition.iphone.info-plist"; sourceTree = "<group>"; };
		96466F2C10EB1D49005AE65B /* RegexPatterns.h */ = {isa = PBXFileReference; fileEncoding = 4; lastKnownFileType = sourcecode.c.h; path = RegexPatterns.h; sourceTree = "<group>"; };
		966CE79010E7DF4200996174 /* WOLClient.h */ = {isa = PBXFileReference; fileEncoding = 4; lastKnownFileType = sourcecode.c.h; path = WOLClient.h; sourceTree = "<group>"; };
		966CE79110E7DF4200996174 /* WOLClient.m */ = {isa = PBXFileReference; fileEncoding = 4; lastKnownFileType = sourcecode.c.objc; path = WOLClient.m; sourceTree = "<group>"; };
		966CE79D10E7F30B00996174 /* RegexKitLite.h */ = {isa = PBXFileReference; fileEncoding = 4; lastKnownFileType = sourcecode.c.h; path = RegexKitLite.h; sourceTree = "<group>"; };
		966CE79E10E7F31900996174 /* RegexKitLite.m */ = {isa = PBXFileReference; fileEncoding = 4; lastKnownFileType = sourcecode.c.objc; path = RegexKitLite.m; sourceTree = "<group>"; };
		966CE7C410E7F6CB00996174 /* libicucore.dylib */ = {isa = PBXFileReference; lastKnownFileType = "compiled.mach-o.dylib"; name = libicucore.dylib; path = usr/lib/libicucore.dylib; sourceTree = SDKROOT; };
		966CE84710E88B6B00996174 /* UnitTest.octest */ = {isa = PBXFileReference; explicitFileType = wrapper.cfbundle; includeInIndex = 0; path = UnitTest.octest; sourceTree = BUILT_PRODUCTS_DIR; };
		966CE84810E88B6B00996174 /* UnitTest-Info.plist */ = {isa = PBXFileReference; lastKnownFileType = text.plist.xml; path = "UnitTest-Info.plist"; sourceTree = "<group>"; };
		966CE85010E88C4400996174 /* WOLClientTest.h */ = {isa = PBXFileReference; fileEncoding = 4; lastKnownFileType = sourcecode.c.h; path = WOLClientTest.h; sourceTree = "<group>"; };
		966CE85110E88C4400996174 /* WOLClientTest.m */ = {isa = PBXFileReference; fileEncoding = 4; lastKnownFileType = sourcecode.c.objc; path = WOLClientTest.m; sourceTree = "<group>"; };
		966CE85410E890DB00996174 /* SenTestingKit.framework */ = {isa = PBXFileReference; lastKnownFileType = wrapper.framework; name = SenTestingKit.framework; path = Library/Frameworks/SenTestingKit.framework; sourceTree = DEVELOPER_DIR; };
		968B38CA10E904E000863E23 /* CFNetwork.framework */ = {isa = PBXFileReference; lastKnownFileType = wrapper.framework; name = CFNetwork.framework; path = System/Library/Frameworks/CFNetwork.framework; sourceTree = SDKROOT; };
		968B393110E90F0700863E23 /* ComputerValidator.h */ = {isa = PBXFileReference; fileEncoding = 4; lastKnownFileType = sourcecode.c.h; path = ComputerValidator.h; sourceTree = "<group>"; };
		968B393210E90F0700863E23 /* ComputerValidator.m */ = {isa = PBXFileReference; fileEncoding = 4; lastKnownFileType = sourcecode.c.objc; path = ComputerValidator.m; sourceTree = "<group>"; };
		96F352EA10E9ED0400F6B43C /* openwol.xcdatamodel */ = {isa = PBXFileReference; fileEncoding = 4; lastKnownFileType = wrapper.xcdatamodel; path = openwol.xcdatamodel; sourceTree = "<group>"; };
		96F352F110E9ED6000F6B43C /* CoreData.framework */ = {isa = PBXFileReference; lastKnownFileType = wrapper.framework; name = CoreData.framework; path = System/Library/Frameworks/CoreData.framework; sourceTree = SDKROOT; };
		96F3532910E9F71600F6B43C /* MainViewController.h */ = {isa = PBXFileReference; fileEncoding = 4; lastKnownFileType = sourcecode.c.h; path = MainViewController.h; sourceTree = "<group>"; };
		96F3532A10E9F71600F6B43C /* MainViewController.m */ = {isa = PBXFileReference; fileEncoding = 4; lastKnownFileType = sourcecode.c.objc; path = MainViewController.m; sourceTree = "<group>"; };
		96F3547810EA522C00F6B43C /* Computer.h */ = {isa = PBXFileReference; fileEncoding = 4; lastKnownFileType = sourcecode.c.h; name = Computer.h; path = ../Computer.h; sourceTree = "<group>"; };
		96F3547910EA522C00F6B43C /* Computer.m */ = {isa = PBXFileReference; fileEncoding = 4; lastKnownFileType = sourcecode.c.objc; name = Computer.m; path = ../Computer.m; sourceTree = "<group>"; };
		96F354EB10EA5EEE00F6B43C /* ComputerDelegate.h */ = {isa = PBXFileReference; fileEncoding = 4; lastKnownFileType = sourcecode.c.h; path = ComputerDelegate.h; sourceTree = "<group>"; };
		96F355C210EA861000F6B43C /* ComputerCell.h */ = {isa = PBXFileReference; fileEncoding = 4; lastKnownFileType = sourcecode.c.h; path = ComputerCell.h; sourceTree = "<group>"; };
		96F355C310EA861000F6B43C /* ComputerCell.m */ = {isa = PBXFileReference; fileEncoding = 4; lastKnownFileType = sourcecode.c.objc; path = ComputerCell.m; sourceTree = "<group>"; };
/* End PBXFileReference section */

/* Begin PBXFrameworksBuildPhase section */
		1D60588F0D05DD3D006BFB54 /* Frameworks */ = {
			isa = PBXFrameworksBuildPhase;
			buildActionMask = 2147483647;
			files = (
				1D60589F0D05DD5A006BFB54 /* Foundation.framework in Frameworks */,
				1DF5F4E00D08C38300B7A737 /* UIKit.framework in Frameworks */,
				288765A50DF7441C002DB57D /* CoreGraphics.framework in Frameworks */,
				966CE7C510E7F6CB00996174 /* libicucore.dylib in Frameworks */,
				968B38CB10E904E000863E23 /* CFNetwork.framework in Frameworks */,
				96F352F210E9ED6000F6B43C /* CoreData.framework in Frameworks */,
			);
			runOnlyForDeploymentPostprocessing = 0;
		};
		966CE84410E88B6B00996174 /* Frameworks */ = {
			isa = PBXFrameworksBuildPhase;
			buildActionMask = 2147483647;
			files = (
				966CE86A10E890E700996174 /* SenTestingKit.framework in Frameworks */,
				966CE87A10E8918600996174 /* libicucore.dylib in Frameworks */,
				968B391110E9097400863E23 /* CFNetwork.framework in Frameworks */,
				9646712010EB5C13005AE65B /* CoreData.framework in Frameworks */,
			);
			runOnlyForDeploymentPostprocessing = 0;
		};
/* End PBXFrameworksBuildPhase section */

/* Begin PBXGroup section */
		080E96DDFE201D6D7F000001 /* Classes */ = {
			isa = PBXGroup;
			children = (
				96F354CF10EA5CE200F6B43C /* Controller */,
				96F354CE10EA5CBD00F6B43C /* RegexKit */,
				96F354CD10EA5C9B00F6B43C /* Model */,
				966CE84110E88B5300996174 /* UnitTest */,
				1D3623240D0F684500981E51 /* openwolAppDelegate.h */,
				1D3623250D0F684500981E51 /* openwolAppDelegate.m */,
				96F355C210EA861000F6B43C /* ComputerCell.h */,
				96F355C310EA861000F6B43C /* ComputerCell.m */,
			);
			path = Classes;
			sourceTree = "<group>";
		};
		19C28FACFE9D520D11CA2CBB /* Products */ = {
			isa = PBXGroup;
			children = (
				1D6058910D05DD3D006BFB54 /* openwol.app */,
				966CE84710E88B6B00996174 /* UnitTest.octest */,
			);
			name = Products;
			sourceTree = "<group>";
		};
		29B97314FDCFA39411CA2CEA /* CustomTemplate */ = {
			isa = PBXGroup;
			children = (
				080E96DDFE201D6D7F000001 /* Classes */,
				29B97315FDCFA39411CA2CEA /* Other Sources */,
				29B97317FDCFA39411CA2CEA /* Resources */,
				29B97323FDCFA39411CA2CEA /* Frameworks */,
				19C28FACFE9D520D11CA2CBB /* Products */,
				966CE84810E88B6B00996174 /* UnitTest-Info.plist */,
			);
			name = CustomTemplate;
			sourceTree = "<group>";
		};
		29B97315FDCFA39411CA2CEA /* Other Sources */ = {
			isa = PBXGroup;
			children = (
				32CA4F630368D1EE00C91783 /* openwol_Prefix.pch */,
				29B97316FDCFA39411CA2CEA /* main.m */,
			);
			name = "Other Sources";
			sourceTree = "<group>";
		};
		29B97317FDCFA39411CA2CEA /* Resources */ = {
			isa = PBXGroup;
			children = (
				96F352EA10E9ED0400F6B43C /* openwol.xcdatamodel */,
				2899E5210DE3E06400AC0155 /* ComputerDetailView.xib */,
				28AD733E0D9D9553002E5188 /* MainWindow.xib */,
				8D1107310486CEB800E47090 /* openwol-Info.plist */,
			);
			name = Resources;
			sourceTree = "<group>";
		};
		29B97323FDCFA39411CA2CEA /* Frameworks */ = {
			isa = PBXGroup;
			children = (
				96F352F110E9ED6000F6B43C /* CoreData.framework */,
				968B38CA10E904E000863E23 /* CFNetwork.framework */,
				966CE85410E890DB00996174 /* SenTestingKit.framework */,
				966CE7C410E7F6CB00996174 /* libicucore.dylib */,
				1DF5F4DF0D08C38300B7A737 /* UIKit.framework */,
				1D30AB110D05D00D00671497 /* Foundation.framework */,
				288765A40DF7441C002DB57D /* CoreGraphics.framework */,
			);
			name = Frameworks;
			sourceTree = "<group>";
		};
		966CE84110E88B5300996174 /* UnitTest */ = {
			isa = PBXGroup;
			children = (
				966CE85010E88C4400996174 /* WOLClientTest.h */,
				966CE85110E88C4400996174 /* WOLClientTest.m */,
			);
			name = UnitTest;
			sourceTree = "<group>";
		};
		96F354CD10EA5C9B00F6B43C /* Model */ = {
			isa = PBXGroup;
			children = (
				96F3547810EA522C00F6B43C /* Computer.h */,
				96F3547910EA522C00F6B43C /* Computer.m */,
				966CE79010E7DF4200996174 /* WOLClient.h */,
				966CE79110E7DF4200996174 /* WOLClient.m */,
				968B393110E90F0700863E23 /* ComputerValidator.h */,
				968B393210E90F0700863E23 /* ComputerValidator.m */,
				96F354EB10EA5EEE00F6B43C /* ComputerDelegate.h */,
			);
			name = Model;
			sourceTree = "<group>";
		};
		96F354CE10EA5CBD00F6B43C /* RegexKit */ = {
			isa = PBXGroup;
			children = (
				966CE79D10E7F30B00996174 /* RegexKitLite.h */,
				966CE79E10E7F31900996174 /* RegexKitLite.m */,
				96466F2C10EB1D49005AE65B /* RegexPatterns.h */,
			);
			name = RegexKit;
			sourceTree = "<group>";
		};
		96F354CF10EA5CE200F6B43C /* Controller */ = {
			isa = PBXGroup;
			children = (
				28D7ACF60DDB3853001CB0EB /* ComputerDetailViewController.h */,
				28D7ACF70DDB3853001CB0EB /* ComputerDetailViewController.m */,
				96F3532910E9F71600F6B43C /* MainViewController.h */,
				96F3532A10E9F71600F6B43C /* MainViewController.m */,
			);
			name = Controller;
			sourceTree = "<group>";
		};
/* End PBXGroup section */

/* Begin PBXNativeTarget section */
		1D6058900D05DD3D006BFB54 /* openwol */ = {
			isa = PBXNativeTarget;
			buildConfigurationList = 1D6058960D05DD3E006BFB54 /* Build configuration list for PBXNativeTarget "openwol" */;
			buildPhases = (
				1D60588D0D05DD3D006BFB54 /* Resources */,
				1D60588E0D05DD3D006BFB54 /* Sources */,
				1D60588F0D05DD3D006BFB54 /* Frameworks */,
			);
			buildRules = (
			);
			dependencies = (
			);
			name = openwol;
			productName = openwol;
			productReference = 1D6058910D05DD3D006BFB54 /* openwol.app */;
			productType = "com.apple.product-type.application";
		};
		966CE84610E88B6B00996174 /* UnitTest */ = {
			isa = PBXNativeTarget;
			buildConfigurationList = 966CE84C10E88B6D00996174 /* Build configuration list for PBXNativeTarget "UnitTest" */;
			buildPhases = (
				966CE84210E88B6B00996174 /* Resources */,
				966CE84310E88B6B00996174 /* Sources */,
				966CE84410E88B6B00996174 /* Frameworks */,
				966CE84510E88B6B00996174 /* ShellScript */,
			);
			buildRules = (
			);
			dependencies = (
			);
			name = UnitTest;
			productName = UnitTest;
			productReference = 966CE84710E88B6B00996174 /* UnitTest.octest */;
			productType = "com.apple.product-type.bundle";
		};
/* End PBXNativeTarget section */

/* Begin PBXProject section */
		29B97313FDCFA39411CA2CEA /* Project object */ = {
			isa = PBXProject;
			attributes = {
				ORGANIZATIONNAME = "Lychee Studio";
			};
			buildConfigurationList = C01FCF4E08A954540054247B /* Build configuration list for PBXProject "openwol" */;
			compatibilityVersion = "Xcode 3.1";
			hasScannedForEncodings = 1;
			mainGroup = 29B97314FDCFA39411CA2CEA /* CustomTemplate */;
			projectDirPath = "";
			projectRoot = "";
			targets = (
				1D6058900D05DD3D006BFB54 /* openwol */,
				966CE84610E88B6B00996174 /* UnitTest */,
			);
		};
/* End PBXProject section */

/* Begin PBXResourcesBuildPhase section */
		1D60588D0D05DD3D006BFB54 /* Resources */ = {
			isa = PBXResourcesBuildPhase;
			buildActionMask = 2147483647;
			files = (
				28AD733F0D9D9553002E5188 /* MainWindow.xib in Resources */,
				2899E5220DE3E06400AC0155 /* ComputerDetailView.xib in Resources */,
			);
			runOnlyForDeploymentPostprocessing = 0;
		};
		966CE84210E88B6B00996174 /* Resources */ = {
			isa = PBXResourcesBuildPhase;
			buildActionMask = 2147483647;
			files = (
			);
			runOnlyForDeploymentPostprocessing = 0;
		};
/* End PBXResourcesBuildPhase section */

/* Begin PBXShellScriptBuildPhase section */
		966CE84510E88B6B00996174 /* ShellScript */ = {
			isa = PBXShellScriptBuildPhase;
			buildActionMask = 2147483647;
			files = (
			);
			inputPaths = (
			);
			outputPaths = (
			);
			runOnlyForDeploymentPostprocessing = 0;
			shellPath = /bin/sh;
			shellScript = "# Run the unit tests in this test bundle.\n\"${SYSTEM_DEVELOPER_DIR}/Tools/RunUnitTests\"\n";
		};
/* End PBXShellScriptBuildPhase section */

/* Begin PBXSourcesBuildPhase section */
		1D60588E0D05DD3D006BFB54 /* Sources */ = {
			isa = PBXSourcesBuildPhase;
			buildActionMask = 2147483647;
			files = (
				1D60589B0D05DD56006BFB54 /* main.m in Sources */,
				1D3623260D0F684500981E51 /* openwolAppDelegate.m in Sources */,
				28D7ACF80DDB3853001CB0EB /* ComputerDetailViewController.m in Sources */,
				966CE79210E7DF4200996174 /* WOLClient.m in Sources */,
				966CE79F10E7F31900996174 /* RegexKitLite.m in Sources */,
				968B393310E90F0700863E23 /* ComputerValidator.m in Sources */,
				96F352EB10E9ED0400F6B43C /* openwol.xcdatamodel in Sources */,
				96F3532B10E9F71600F6B43C /* MainViewController.m in Sources */,
				96F3547A10EA522C00F6B43C /* Computer.m in Sources */,
				96F355C410EA861000F6B43C /* ComputerCell.m in Sources */,
			);
			runOnlyForDeploymentPostprocessing = 0;
		};
		966CE84310E88B6B00996174 /* Sources */ = {
			isa = PBXSourcesBuildPhase;
			buildActionMask = 2147483647;
			files = (
				966CE84D10E88B8400996174 /* RegexKitLite.m in Sources */,
				966CE84E10E88B8B00996174 /* openwolAppDelegate.m in Sources */,
				966CE84F10E88B9400996174 /* WOLClient.m in Sources */,
				966CE85310E88C4400996174 /* WOLClientTest.m in Sources */,
				968B393410E90F0700863E23 /* ComputerValidator.m in Sources */,
				96F352EC10E9ED0400F6B43C /* openwol.xcdatamodel in Sources */,
				96A57B3A10EBA21900CCF75E /* Computer.m in Sources */,
			);
			runOnlyForDeploymentPostprocessing = 0;
		};
/* End PBXSourcesBuildPhase section */

/* Begin XCBuildConfiguration section */
		1D6058940D05DD3E006BFB54 /* Debug */ = {
			isa = XCBuildConfiguration;
			buildSettings = {
				ALWAYS_SEARCH_USER_PATHS = NO;
				COPY_PHASE_STRIP = NO;
				FRAMEWORK_SEARCH_PATHS = (
					"$(inherited)",
					"\"$(DEVELOPER_FRAMEWORKS_DIR)\"",
					"\"$(DEVELOPER_DIR)/Library/PrivateFrameworks\"",
				);
				GCC_DYNAMIC_NO_PIC = NO;
				GCC_OPTIMIZATION_LEVEL = 0;
				GCC_PRECOMPILE_PREFIX_HEADER = YES;
				GCC_PREFIX_HEADER = openwol_Prefix.pch;
				INFOPLIST_FILE = "openwol-Info.plist";
				PRODUCT_NAME = openwol;
			};
			name = Debug;
		};
		1D6058950D05DD3E006BFB54 /* Release */ = {
			isa = XCBuildConfiguration;
			buildSettings = {
				ALWAYS_SEARCH_USER_PATHS = NO;
				COPY_PHASE_STRIP = YES;
				FRAMEWORK_SEARCH_PATHS = (
					"$(inherited)",
					"\"$(DEVELOPER_FRAMEWORKS_DIR)\"",
					"\"$(DEVELOPER_DIR)/Library/PrivateFrameworks\"",
				);
				GCC_PRECOMPILE_PREFIX_HEADER = YES;
				GCC_PREFIX_HEADER = openwol_Prefix.pch;
				INFOPLIST_FILE = "openwol-Info.plist";
				PRODUCT_NAME = openwol;
			};
			name = Release;
		};
		966CE84A10E88B6D00996174 /* Debug */ = {
			isa = XCBuildConfiguration;
			buildSettings = {
				ALWAYS_SEARCH_USER_PATHS = NO;
				BUNDLE_LOADER = "";
				COPY_PHASE_STRIP = NO;
				FRAMEWORK_SEARCH_PATHS = (
					"\"$(SDKROOT)/Developer/Library/Frameworks\"",
					"\"$(DEVELOPER_LIBRARY_DIR)/Frameworks\"",
					"\"$(DEVELOPER_DIR)/Library/PrivateFrameworks\"",
				);
				GCC_DYNAMIC_NO_PIC = NO;
				GCC_ENABLE_FIX_AND_CONTINUE = NO;
				GCC_ENABLE_OBJC_EXCEPTIONS = YES;
				GCC_OPTIMIZATION_LEVEL = 0;
				INFOPLIST_FILE = "UnitTest-Info.plist";
				OTHER_LDFLAGS = (
					"-framework",
					Foundation,
					"-framework",
					SenTestingKit,
					"-framework",
					UIKit,
				);
				PREBINDING = NO;
				PRODUCT_NAME = UnitTest;
				SDKROOT = iphoneos3.1.2;
				TEST_HOST = "";
				WRAPPER_EXTENSION = octest;
			};
			name = Debug;
		};
		966CE84B10E88B6D00996174 /* Release */ = {
			isa = XCBuildConfiguration;
			buildSettings = {
				ALWAYS_SEARCH_USER_PATHS = NO;
				COPY_PHASE_STRIP = YES;
				DEBUG_INFORMATION_FORMAT = "dwarf-with-dsym";
				FRAMEWORK_SEARCH_PATHS = (
					"\"$(SDKROOT)/Developer/Library/Frameworks\"",
					"\"$(DEVELOPER_LIBRARY_DIR)/Frameworks\"",
					"\"$(DEVELOPER_DIR)/Library/PrivateFrameworks\"",
				);
				GCC_ENABLE_FIX_AND_CONTINUE = NO;
				GCC_ENABLE_OBJC_EXCEPTIONS = YES;
				INFOPLIST_FILE = "UnitTest-Info.plist";
				OTHER_LDFLAGS = (
					"-framework",
					Foundation,
					"-framework",
					SenTestingKit,
					"-framework",
					UIKit,
				);
				PREBINDING = NO;
				PRODUCT_NAME = UnitTest;
				WRAPPER_EXTENSION = octest;
				ZERO_LINK = NO;
			};
			name = Release;
		};
		C01FCF4F08A954540054247B /* Debug */ = {
			isa = XCBuildConfiguration;
			buildSettings = {
				ARCHS = "$(ARCHS_STANDARD_32_BIT)";
				"CODE_SIGN_IDENTITY[sdk=iphoneos*]" = "iPhone Developer";
				GCC_C_LANGUAGE_STANDARD = c99;
				GCC_WARN_ABOUT_RETURN_TYPE = YES;
				GCC_WARN_UNUSED_VARIABLE = YES;
				PREBINDING = NO;
				SDKROOT = iphoneos3.1.2;
				SYMROOT = ../../../build;
			};
			name = Debug;
		};
		C01FCF5008A954540054247B /* Release */ = {
			isa = XCBuildConfiguration;
			buildSettings = {
				ARCHS = "$(ARCHS_STANDARD_32_BIT)";
				"CODE_SIGN_IDENTITY[sdk=iphoneos*]" = "iPhone Developer";
				GCC_C_LANGUAGE_STANDARD = c99;
				GCC_WARN_ABOUT_RETURN_TYPE = YES;
				GCC_WARN_UNUSED_VARIABLE = YES;
				PREBINDING = NO;
				SDKROOT = iphoneos3.1.2;
			};
			name = Release;
		};
/* End XCBuildConfiguration section */

/* Begin XCConfigurationList section */
		1D6058960D05DD3E006BFB54 /* Build configuration list for PBXNativeTarget "openwol" */ = {
			isa = XCConfigurationList;
			buildConfigurations = (
				1D6058940D05DD3E006BFB54 /* Debug */,
				1D6058950D05DD3E006BFB54 /* Release */,
			);
			defaultConfigurationIsVisible = 0;
			defaultConfigurationName = Release;
		};
		966CE84C10E88B6D00996174 /* Build configuration list for PBXNativeTarget "UnitTest" */ = {
			isa = XCConfigurationList;
			buildConfigurations = (
				966CE84A10E88B6D00996174 /* Debug */,
				966CE84B10E88B6D00996174 /* Release */,
			);
			defaultConfigurationIsVisible = 0;
			defaultConfigurationName = Release;
		};
		C01FCF4E08A954540054247B /* Build configuration list for PBXProject "openwol" */ = {
			isa = XCConfigurationList;
			buildConfigurations = (
				C01FCF4F08A954540054247B /* Debug */,
				C01FCF5008A954540054247B /* Release */,
			);
			defaultConfigurationIsVisible = 0;
			defaultConfigurationName = Release;
		};
/* End XCConfigurationList section */
	};
	rootObject = 29B97313FDCFA39411CA2CEA /* Project object */;
}
